
Microsoft Visual Studio Solution File, Format Version 12.00
# Visual Studio Version 17
VisualStudioVersion = 17.13.35931.197 d17.13
MinimumVisualStudioVersion = 10.0.40219.1
Project("{8BC9CEB8-8B4A-11D0-8D11-00A0C91BC942}") = "Server", "Server.vcxproj", "{D0A62B9D-F2D7-4128-BE5A-CE4D3F5EF480}"
EndProject
Project("{8BC9CEB8-8B4A-11D0-8D11-00A0C91BC942}") = "Client1", "..\Client1\Client1.vcxproj", "{30E2F21E-17A4-4F75-8524-6C447782D774}"
EndProject
Project("{8BC9CEB8-8B4A-11D0-8D11-00A0C91BC942}") = "Client2", "..\Client2\Client2.vcxproj", "{36AE88C4-5013-40F2-BDCB-74E9AD4A08EF}"
EndProject
Global
	GlobalSection(SolutionConfigurationPlatforms) = preSolution
		Debug|x64 = Debug|x64
		Debug|x86 = Debug|x86
		Release|x64 = Release|x64
		Release|x86 = Release|x86
	EndGlobalSection
	GlobalSection(ProjectConfigurationPlatforms) = postSolution
		{D0A62B9D-F2D7-4128-BE5A-CE4D3F5EF480}.Debug|x64.ActiveCfg = Debug|x64
		{D0A62B9D-F2D7-4128-BE5A-CE4D3F5EF480}.Debug|x64.Build.0 = Debug|x64
		{D0A62B9D-F2D7-4128-BE5A-CE4D3F5EF480}.Debug|x86.ActiveCfg = Debug|Win32
		{D0A62B9D-F2D7-4128-BE5A-CE4D3F5EF480}.Debug|x86.Build.0 = Debug|Win32
		{D0A62B9D-F2D7-4128-BE5A-CE4D3F5EF480}.Release|x64.ActiveCfg = Release|x64
		{D0A62B9D-F2D7-4128-BE5A-CE4D3F5EF480}.Release|x64.Build.0 = Release|x64
		{D0A62B9D-F2D7-4128-BE5A-CE4D3F5EF480}.Release|x86.ActiveCfg = Release|Win32
		{D0A62B9D-F2D7-4128-BE5A-CE4D3F5EF480}.Release|x86.Build.0 = Release|Win32
		{30E2F21E-17A4-4F75-8524-6C447782D774}.Debug|x64.ActiveCfg = Debug|x64
		{30E2F21E-17A4-4F75-8524-6C447782D774}.Debug|x64.Build.0 = Debug|x64
		{30E2F21E-17A4-4F75-8524-6C447782D774}.Debug|x86.ActiveCfg = Debug|Win32
		{30E2F21E-17A4-4F75-8524-6C447782D774}.Debug|x86.Build.0 = Debug|Win32
		{30E2F21E-17A4-4F75-8524-6C447782D774}.Release|x64.ActiveCfg = Release|x64
		{30E2F21E-17A4-4F75-8524-6C447782D774}.Release|x64.Build.0 = Release|x64
		{30E2F21E-17A4-4F75-8524-6C447782D774}.Release|x86.ActiveCfg = Release|Win32
		{30E2F21E-17A4-4F75-8524-6C447782D774}.Release|x86.Build.0 = Release|Win32
		{36AE88C4-5013-40F2-BDCB-74E9AD4A08EF}.Debug|x64.ActiveCfg = Debug|x64
		{36AE88C4-5013-40F2-BDCB-74E9AD4A08EF}.Debug|x64.Build.0 = Debug|x64
		{36AE88C4-5013-40F2-BDCB-74E9AD4A08EF}.Debug|x86.ActiveCfg = Debug|Win32
		{36AE88C4-5013-40F2-BDCB-74E9AD4A08EF}.Debug|x86.Build.0 = Debug|Win32
		{36AE88C4-5013-40F2-BDCB-74E9AD4A08EF}.Release|x64.ActiveCfg = Release|x64
		{36AE88C4-5013-40F2-BDCB-74E9AD4A08EF}.Release|x64.Build.0 = Release|x64
		{36AE88C4-5013-40F2-BDCB-74E9AD4A08EF}.Release|x86.ActiveCfg = Release|Win32
		{36AE88C4-5013-40F2-BDCB-74E9AD4A08EF}.Release|x86.Build.0 = Release|Win32
	EndGlobalSection
	GlobalSection(SolutionProperties) = preSolution
		HideSolutionNode = FALSE
	EndGlobalSection
	GlobalSection(ExtensibilityGlobals) = postSolution
		SolutionGuid = {922F47EB-4AC2-48C0-AEE4-43EA48ECEBE3}
	EndGlobalSection
EndGlobal
